
Microsoft Visual Studio Solution File, Format Version 12.00
# Visual Studio Version 16
VisualStudioVersion = 16.0.31112.23
MinimumVisualStudioVersion = 10.0.40219.1
Project("{FAE04EC0-301F-11D3-BF4B-00C04F79EFBC}") = "CurrencyQuotation", "CurrencyQuotation\CurrencyQuotation.csproj", "{3889D0FC-D325-4D5F-A964-3E28E948D761}"
EndProject
Global
	GlobalSection(SolutionConfigurationPlatforms) = preSolution
		Debug|Any CPU = Debug|Any CPU
		Release|Any CPU = Release|Any CPU
	EndGlobalSection
	GlobalSection(ProjectConfigurationPlatforms) = postSolution
		{3889D0FC-D325-4D5F-A964-3E28E948D761}.Debug|Any CPU.ActiveCfg = Debug|Any CPU
		{3889D0FC-D325-4D5F-A964-3E28E948D761}.Debug|Any CPU.Build.0 = Debug|Any CPU
		{3889D0FC-D325-4D5F-A964-3E28E948D761}.Release|Any CPU.ActiveCfg = Release|Any CPU
		{3889D0FC-D325-4D5F-A964-3E28E948D761}.Release|Any CPU.Build.0 = Release|Any CPU
	EndGlobalSection
	GlobalSection(SolutionProperties) = preSolution
		HideSolutionNode = FALSE
	EndGlobalSection
	GlobalSection(ExtensibilityGlobals) = postSolution
		SolutionGuid = {B4DC127D-78B8-4F63-93CF-04774D43DCCF}
	EndGlobalSection
EndGlobal
