
Microsoft Visual Studio Solution File, Format Version 12.00
# Visual Studio Version 17
VisualStudioVersion = 17.3.32804.467
MinimumVisualStudioVersion = 10.0.40219.1
Project("{9A19103F-16F7-4668-BE54-9A1E7A4F7556}") = "Web-Api", "Web-Api\Web-Api.csproj", "{86EA89B4-9692-478D-855E-C4E9DE78F86E}"
EndProject
Project("{9A19103F-16F7-4668-BE54-9A1E7A4F7556}") = "Benchmark", "Benchmark\Benchmark.csproj", "{4F64C985-EEEC-44EC-B1BC-8EDDD64C6DFD}"
EndProject
Project("{9A19103F-16F7-4668-BE54-9A1E7A4F7556}") = "Data", "Data\Data.csproj", "{FD4059F6-E426-4D89-93D3-E7FBF607306F}"
EndProject
Project("{9A19103F-16F7-4668-BE54-9A1E7A4F7556}") = "DataAcess", "DataAcess\DataAcess.csproj", "{73E2C27A-03DC-43BD-A9D9-957F1FEDD7CC}"
EndProject
Project("{9A19103F-16F7-4668-BE54-9A1E7A4F7556}") = "Test", "Test\Test.csproj", "{346C1FD2-4A86-4E6D-81D1-A730A217EB18}"
EndProject
Project("{9092AA53-FB77-4645-B42D-1CCCA6BD08BD}") = "LoadTest", "LoadTest\LoadTest.njsproj", "{E12C461E-82F1-4580-AA8A-0C19831F03D5}"
EndProject
Global
	GlobalSection(SolutionConfigurationPlatforms) = preSolution
		Debug|Any CPU = Debug|Any CPU
		Release|Any CPU = Release|Any CPU
	EndGlobalSection
	GlobalSection(ProjectConfigurationPlatforms) = postSolution
		{86EA89B4-9692-478D-855E-C4E9DE78F86E}.Debug|Any CPU.ActiveCfg = Debug|Any CPU
		{86EA89B4-9692-478D-855E-C4E9DE78F86E}.Debug|Any CPU.Build.0 = Debug|Any CPU
		{86EA89B4-9692-478D-855E-C4E9DE78F86E}.Release|Any CPU.ActiveCfg = Release|Any CPU
		{86EA89B4-9692-478D-855E-C4E9DE78F86E}.Release|Any CPU.Build.0 = Release|Any CPU
		{4F64C985-EEEC-44EC-B1BC-8EDDD64C6DFD}.Debug|Any CPU.ActiveCfg = Debug|Any CPU
		{4F64C985-EEEC-44EC-B1BC-8EDDD64C6DFD}.Debug|Any CPU.Build.0 = Debug|Any CPU
		{4F64C985-EEEC-44EC-B1BC-8EDDD64C6DFD}.Release|Any CPU.ActiveCfg = Release|Any CPU
		{4F64C985-EEEC-44EC-B1BC-8EDDD64C6DFD}.Release|Any CPU.Build.0 = Release|Any CPU
		{FD4059F6-E426-4D89-93D3-E7FBF607306F}.Debug|Any CPU.ActiveCfg = Debug|Any CPU
		{FD4059F6-E426-4D89-93D3-E7FBF607306F}.Debug|Any CPU.Build.0 = Debug|Any CPU
		{FD4059F6-E426-4D89-93D3-E7FBF607306F}.Release|Any CPU.ActiveCfg = Release|Any CPU
		{FD4059F6-E426-4D89-93D3-E7FBF607306F}.Release|Any CPU.Build.0 = Release|Any CPU
		{73E2C27A-03DC-43BD-A9D9-957F1FEDD7CC}.Debug|Any CPU.ActiveCfg = Debug|Any CPU
		{73E2C27A-03DC-43BD-A9D9-957F1FEDD7CC}.Debug|Any CPU.Build.0 = Debug|Any CPU
		{73E2C27A-03DC-43BD-A9D9-957F1FEDD7CC}.Release|Any CPU.ActiveCfg = Release|Any CPU
		{73E2C27A-03DC-43BD-A9D9-957F1FEDD7CC}.Release|Any CPU.Build.0 = Release|Any CPU
		{346C1FD2-4A86-4E6D-81D1-A730A217EB18}.Debug|Any CPU.ActiveCfg = Debug|Any CPU
		{346C1FD2-4A86-4E6D-81D1-A730A217EB18}.Debug|Any CPU.Build.0 = Debug|Any CPU
		{346C1FD2-4A86-4E6D-81D1-A730A217EB18}.Release|Any CPU.ActiveCfg = Release|Any CPU
		{346C1FD2-4A86-4E6D-81D1-A730A217EB18}.Release|Any CPU.Build.0 = Release|Any CPU
		{E12C461E-82F1-4580-AA8A-0C19831F03D5}.Debug|Any CPU.ActiveCfg = Debug|Any CPU
		{E12C461E-82F1-4580-AA8A-0C19831F03D5}.Debug|Any CPU.Build.0 = Debug|Any CPU
		{E12C461E-82F1-4580-AA8A-0C19831F03D5}.Release|Any CPU.ActiveCfg = Release|Any CPU
		{E12C461E-82F1-4580-AA8A-0C19831F03D5}.Release|Any CPU.Build.0 = Release|Any CPU
	EndGlobalSection
	GlobalSection(SolutionProperties) = preSolution
		HideSolutionNode = FALSE
	EndGlobalSection
	GlobalSection(ExtensibilityGlobals) = postSolution
		SolutionGuid = {CE6E96BB-9F15-4C71-871D-22EA1930629D}
	EndGlobalSection
EndGlobal
