
Microsoft Visual Studio Solution File, Format Version 12.00
# Visual Studio Version 16
VisualStudioVersion = 16.0.31624.102
MinimumVisualStudioVersion = 10.0.40219.1
Project("{9A19103F-16F7-4668-BE54-9A1E7A4F7556}") = "ConversionAPI", "ConversionAPI\ConversionAPI.csproj", "{44F64F68-633C-4C08-8C1B-7E48A8575806}"
EndProject
Project("{9A19103F-16F7-4668-BE54-9A1E7A4F7556}") = "SharedLibrary", "SharedLibrary\SharedLibrary.csproj", "{8DF94182-E2D5-417D-B8B4-87F7F9350366}"
EndProject
Global
	GlobalSection(SolutionConfigurationPlatforms) = preSolution
		Debug|Any CPU = Debug|Any CPU
		Release|Any CPU = Release|Any CPU
	EndGlobalSection
	GlobalSection(ProjectConfigurationPlatforms) = postSolution
		{44F64F68-633C-4C08-8C1B-7E48A8575806}.Debug|Any CPU.ActiveCfg = Debug|Any CPU
		{44F64F68-633C-4C08-8C1B-7E48A8575806}.Debug|Any CPU.Build.0 = Debug|Any CPU
		{44F64F68-633C-4C08-8C1B-7E48A8575806}.Release|Any CPU.ActiveCfg = Release|Any CPU
		{44F64F68-633C-4C08-8C1B-7E48A8575806}.Release|Any CPU.Build.0 = Release|Any CPU
		{8DF94182-E2D5-417D-B8B4-87F7F9350366}.Debug|Any CPU.ActiveCfg = Debug|Any CPU
		{8DF94182-E2D5-417D-B8B4-87F7F9350366}.Debug|Any CPU.Build.0 = Debug|Any CPU
		{8DF94182-E2D5-417D-B8B4-87F7F9350366}.Release|Any CPU.ActiveCfg = Release|Any CPU
		{8DF94182-E2D5-417D-B8B4-87F7F9350366}.Release|Any CPU.Build.0 = Release|Any CPU
	EndGlobalSection
	GlobalSection(SolutionProperties) = preSolution
		HideSolutionNode = FALSE
	EndGlobalSection
	GlobalSection(ExtensibilityGlobals) = postSolution
		SolutionGuid = {8D7279E3-BA75-46BD-96DB-8266FCF2CA8F}
	EndGlobalSection
EndGlobal
