github.com/go-chi/chi v4.1.2+incompatible h1:fGFk2Gmi/YKXk0OmGfBh0WgmN3XB8lVnEyNz34tQRec=
github.com/go-chi/chi v4.1.2+incompatible/go.mod h1:eB3wogJHnLi3x/kFX2A+IbTBlXxmMeXJVKy9tTv1XzQ=
github.com/guiferpa/gody/v2 v2.0.0 h1:HtL0d7rBnTMz7ATkuocuApbWDe4wUGMHYOWHSsD2J1Q=
github.com/guiferpa/gody/v2 v2.0.0/go.mod h1:He6ouILg9yFqjLge33cz36PUzuafGcCgaREQ3qoSUW0=
github.com/rakyll/statik v0.1.7 h1:OF3QCZUuyPxuGEP7B4ypUa7sB/iHtqOTDYZXGM8KOdQ=
github.com/rakyll/statik v0.1.7/go.mod h1:AlZONWzMtEnMs7W4e/1LURLiI49pIMmp6V9Unghqrcc=
