
Microsoft Visual Studio Solution File, Format Version 12.00
# Visual Studio 15
VisualStudioVersion = 15.0.26228.4
MinimumVisualStudioVersion = 10.0.40219.1
Project("{2150E333-8FDC-42A3-9474-1A3956D46DE8}") = "1 - Api", "1 - Api", "{FC1531F8-308F-4DF4-A5CB-D0530CCA676F}"
EndProject
Project("{FAE04EC0-301F-11D3-BF4B-00C04F79EFBC}") = "Project.WebApi", "Project.WebApi\Project.WebApi.csproj", "{373CE3E9-5D6C-429F-8977-02A5177ED2A0}"
EndProject
Project("{2150E333-8FDC-42A3-9474-1A3956D46DE8}") = "2 - Business", "2 - Business", "{CF923E62-6656-4FA6-BBDD-28E6DE25D95C}"
EndProject
Project("{FAE04EC0-301F-11D3-BF4B-00C04F79EFBC}") = "Project.Business", "Project.Business\Project.Business.csproj", "{09ACBF93-9B94-42C4-9140-D108AE6BE6F0}"
EndProject
Project("{2150E333-8FDC-42A3-9474-1A3956D46DE8}") = "0 - Front", "0 - Front", "{B5D9A781-0C1C-4B71-8605-EC710F6A2777}"
EndProject
Project("{FAE04EC0-301F-11D3-BF4B-00C04F79EFBC}") = "Project.FrontEnd", "Project.FrontEnd\Project.FrontEnd.csproj", "{1EB223D2-125E-4CA7-9E82-D8BE0E23B2E0}"
EndProject
Global
	GlobalSection(SolutionConfigurationPlatforms) = preSolution
		Debug|Any CPU = Debug|Any CPU
		Release|Any CPU = Release|Any CPU
	EndGlobalSection
	GlobalSection(ProjectConfigurationPlatforms) = postSolution
		{373CE3E9-5D6C-429F-8977-02A5177ED2A0}.Debug|Any CPU.ActiveCfg = Debug|Any CPU
		{373CE3E9-5D6C-429F-8977-02A5177ED2A0}.Debug|Any CPU.Build.0 = Debug|Any CPU
		{373CE3E9-5D6C-429F-8977-02A5177ED2A0}.Release|Any CPU.ActiveCfg = Release|Any CPU
		{373CE3E9-5D6C-429F-8977-02A5177ED2A0}.Release|Any CPU.Build.0 = Release|Any CPU
		{09ACBF93-9B94-42C4-9140-D108AE6BE6F0}.Debug|Any CPU.ActiveCfg = Debug|Any CPU
		{09ACBF93-9B94-42C4-9140-D108AE6BE6F0}.Debug|Any CPU.Build.0 = Debug|Any CPU
		{09ACBF93-9B94-42C4-9140-D108AE6BE6F0}.Release|Any CPU.ActiveCfg = Release|Any CPU
		{09ACBF93-9B94-42C4-9140-D108AE6BE6F0}.Release|Any CPU.Build.0 = Release|Any CPU
		{1EB223D2-125E-4CA7-9E82-D8BE0E23B2E0}.Debug|Any CPU.ActiveCfg = Debug|Any CPU
		{1EB223D2-125E-4CA7-9E82-D8BE0E23B2E0}.Debug|Any CPU.Build.0 = Debug|Any CPU
		{1EB223D2-125E-4CA7-9E82-D8BE0E23B2E0}.Release|Any CPU.ActiveCfg = Release|Any CPU
		{1EB223D2-125E-4CA7-9E82-D8BE0E23B2E0}.Release|Any CPU.Build.0 = Release|Any CPU
	EndGlobalSection
	GlobalSection(SolutionProperties) = preSolution
		HideSolutionNode = FALSE
	EndGlobalSection
	GlobalSection(NestedProjects) = preSolution
		{373CE3E9-5D6C-429F-8977-02A5177ED2A0} = {FC1531F8-308F-4DF4-A5CB-D0530CCA676F}
		{09ACBF93-9B94-42C4-9140-D108AE6BE6F0} = {CF923E62-6656-4FA6-BBDD-28E6DE25D95C}
		{1EB223D2-125E-4CA7-9E82-D8BE0E23B2E0} = {B5D9A781-0C1C-4B71-8605-EC710F6A2777}
	EndGlobalSection
EndGlobal
