# This file is autogenerated, do not edit; changes may be undone by the next 'dep ensure'.


[[projects]]
  name = "github.com/gorilla/context"
  packages = ["."]
  revision = "1ea25387ff6f684839d82767c1733ff4d4d15d0a"
  version = "v1.1"

[[projects]]
  name = "github.com/gorilla/mux"
  packages = ["."]
  revision = "53c1911da2b537f792e7cafcb446b05ffe33b996"
  version = "v1.6.1"

[[projects]]
  branch = "master"
  name = "github.com/mediocregopher/radix.v2"
  packages = [
    "pool",
    "redis"
  ]
  revision = "6a0c5624776f3f6ab0416da199aecc6991322b3f"

[solve-meta]
  analyzer-name = "dep"
  analyzer-version = 1
  inputs-digest = "d6d6bf1fd0a7fdfb989846b061fe9f9e647b50d12ee2f1ce760c804c9356c6ad"
  solver-name = "gps-cdcl"
  solver-version = 1
