
Microsoft Visual Studio Solution File, Format Version 12.00
# Visual Studio Version 17
VisualStudioVersion = 17.4.33213.308
MinimumVisualStudioVersion = 10.0.40219.1
Project("{9A19103F-16F7-4668-BE54-9A1E7A4F7556}") = "Cuco.Application", "Cuco.Application\Cuco.Application.csproj", "{986C8C9E-05EB-4701-8F3F-2338B7233CC7}"
EndProject
Project("{9A19103F-16F7-4668-BE54-9A1E7A4F7556}") = "Cuco.Infra", "Cuco.Infra\Cuco.Infra.csproj", "{080E2E23-CCBD-482E-9D9F-CEA940635B62}"
EndProject
Project("{9A19103F-16F7-4668-BE54-9A1E7A4F7556}") = "Cuco.IoC", "Cuco.IoC\Cuco.IoC.csproj", "{D9461CE7-1A72-4781-92AC-982E5CD708F9}"
EndProject
Project("{9A19103F-16F7-4668-BE54-9A1E7A4F7556}") = "Cuco.Domain", "Cuco.Domain\Cuco.Domain.csproj", "{0222800C-F958-4628-A7E7-E8EA56DAC6C8}"
EndProject
Project("{9A19103F-16F7-4668-BE54-9A1E7A4F7556}") = "Cuco.API", "Cuco.API\Cuco.API.csproj", "{3D70F3FF-A9E8-41F6-BBA6-5A32DDD361DD}"
EndProject
Project("{2150E333-8FDC-42A3-9474-1A3956D46DE8}") = "src", "src", "{14F0D11C-0F52-4598-A521-10DAD52DB04C}"
EndProject
Project("{FAE04EC0-301F-11D3-BF4B-00C04F79EFBC}") = "Cuco.Application.Tests", "Cuco.Application.Tests\Cuco.Application.Tests.csproj", "{32A80C25-8B99-49D6-9D1D-D41FF8DABDC5}"
EndProject
Project("{2150E333-8FDC-42A3-9474-1A3956D46DE8}") = "Tests", "Tests", "{8EAD6C91-0A55-4ECD-BBA8-8FA9C8DE6EC8}"
EndProject
Project("{FAE04EC0-301F-11D3-BF4B-00C04F79EFBC}") = "Cuco.Commons", "Cuco.Commons\Cuco.Commons.csproj", "{BAD66C43-F9FB-4D21-A564-3F2A310FFF72}"
EndProject
Project("{FAE04EC0-301F-11D3-BF4B-00C04F79EFBC}") = "Cuco.Sync.Cron", "Cuco.Sync.Cron\Cuco.Sync.Cron.csproj", "{B7B4F00C-F5DD-46F0-BAC4-B576E16A8234}"
EndProject
Project("{FAE04EC0-301F-11D3-BF4B-00C04F79EFBC}") = "Cuco.Infra.Tests", "Cuco.Infra.Tests\Cuco.Infra.Tests.csproj", "{7B9F8328-CE22-4AFC-A1FF-EF8E40A2D240}"
EndProject
Global
	GlobalSection(SolutionConfigurationPlatforms) = preSolution
		Debug|Any CPU = Debug|Any CPU
		Release|Any CPU = Release|Any CPU
	EndGlobalSection
	GlobalSection(ProjectConfigurationPlatforms) = postSolution
		{986C8C9E-05EB-4701-8F3F-2338B7233CC7}.Debug|Any CPU.ActiveCfg = Debug|Any CPU
		{986C8C9E-05EB-4701-8F3F-2338B7233CC7}.Debug|Any CPU.Build.0 = Debug|Any CPU
		{986C8C9E-05EB-4701-8F3F-2338B7233CC7}.Release|Any CPU.ActiveCfg = Release|Any CPU
		{986C8C9E-05EB-4701-8F3F-2338B7233CC7}.Release|Any CPU.Build.0 = Release|Any CPU
		{080E2E23-CCBD-482E-9D9F-CEA940635B62}.Debug|Any CPU.ActiveCfg = Debug|Any CPU
		{080E2E23-CCBD-482E-9D9F-CEA940635B62}.Debug|Any CPU.Build.0 = Debug|Any CPU
		{080E2E23-CCBD-482E-9D9F-CEA940635B62}.Release|Any CPU.ActiveCfg = Release|Any CPU
		{080E2E23-CCBD-482E-9D9F-CEA940635B62}.Release|Any CPU.Build.0 = Release|Any CPU
		{D9461CE7-1A72-4781-92AC-982E5CD708F9}.Debug|Any CPU.ActiveCfg = Debug|Any CPU
		{D9461CE7-1A72-4781-92AC-982E5CD708F9}.Debug|Any CPU.Build.0 = Debug|Any CPU
		{D9461CE7-1A72-4781-92AC-982E5CD708F9}.Release|Any CPU.ActiveCfg = Release|Any CPU
		{D9461CE7-1A72-4781-92AC-982E5CD708F9}.Release|Any CPU.Build.0 = Release|Any CPU
		{0222800C-F958-4628-A7E7-E8EA56DAC6C8}.Debug|Any CPU.ActiveCfg = Debug|Any CPU
		{0222800C-F958-4628-A7E7-E8EA56DAC6C8}.Debug|Any CPU.Build.0 = Debug|Any CPU
		{0222800C-F958-4628-A7E7-E8EA56DAC6C8}.Release|Any CPU.ActiveCfg = Release|Any CPU
		{0222800C-F958-4628-A7E7-E8EA56DAC6C8}.Release|Any CPU.Build.0 = Release|Any CPU
		{3D70F3FF-A9E8-41F6-BBA6-5A32DDD361DD}.Debug|Any CPU.ActiveCfg = Debug|Any CPU
		{3D70F3FF-A9E8-41F6-BBA6-5A32DDD361DD}.Debug|Any CPU.Build.0 = Debug|Any CPU
		{3D70F3FF-A9E8-41F6-BBA6-5A32DDD361DD}.Release|Any CPU.ActiveCfg = Release|Any CPU
		{3D70F3FF-A9E8-41F6-BBA6-5A32DDD361DD}.Release|Any CPU.Build.0 = Release|Any CPU
		{3D70F3FF-A9E8-41F6-BBA6-5A32DDD361DD}.Debug|Any CPU.Deploy.0 = Debug|Any CPU
		{32A80C25-8B99-49D6-9D1D-D41FF8DABDC5}.Debug|Any CPU.ActiveCfg = Debug|Any CPU
		{32A80C25-8B99-49D6-9D1D-D41FF8DABDC5}.Debug|Any CPU.Build.0 = Debug|Any CPU
		{32A80C25-8B99-49D6-9D1D-D41FF8DABDC5}.Release|Any CPU.ActiveCfg = Release|Any CPU
		{32A80C25-8B99-49D6-9D1D-D41FF8DABDC5}.Release|Any CPU.Build.0 = Release|Any CPU
		{BAD66C43-F9FB-4D21-A564-3F2A310FFF72}.Debug|Any CPU.ActiveCfg = Debug|Any CPU
		{BAD66C43-F9FB-4D21-A564-3F2A310FFF72}.Debug|Any CPU.Build.0 = Debug|Any CPU
		{BAD66C43-F9FB-4D21-A564-3F2A310FFF72}.Release|Any CPU.ActiveCfg = Release|Any CPU
		{BAD66C43-F9FB-4D21-A564-3F2A310FFF72}.Release|Any CPU.Build.0 = Release|Any CPU
		{B7B4F00C-F5DD-46F0-BAC4-B576E16A8234}.Debug|Any CPU.ActiveCfg = Debug|Any CPU
		{B7B4F00C-F5DD-46F0-BAC4-B576E16A8234}.Debug|Any CPU.Build.0 = Debug|Any CPU
		{B7B4F00C-F5DD-46F0-BAC4-B576E16A8234}.Release|Any CPU.ActiveCfg = Release|Any CPU
		{B7B4F00C-F5DD-46F0-BAC4-B576E16A8234}.Release|Any CPU.Build.0 = Release|Any CPU
		{7B9F8328-CE22-4AFC-A1FF-EF8E40A2D240}.Debug|Any CPU.ActiveCfg = Debug|Any CPU
		{7B9F8328-CE22-4AFC-A1FF-EF8E40A2D240}.Debug|Any CPU.Build.0 = Debug|Any CPU
		{7B9F8328-CE22-4AFC-A1FF-EF8E40A2D240}.Release|Any CPU.ActiveCfg = Release|Any CPU
		{7B9F8328-CE22-4AFC-A1FF-EF8E40A2D240}.Release|Any CPU.Build.0 = Release|Any CPU
	EndGlobalSection
	GlobalSection(SolutionProperties) = preSolution
		HideSolutionNode = FALSE
	EndGlobalSection
	GlobalSection(NestedProjects) = preSolution
		{986C8C9E-05EB-4701-8F3F-2338B7233CC7} = {14F0D11C-0F52-4598-A521-10DAD52DB04C}
		{080E2E23-CCBD-482E-9D9F-CEA940635B62} = {14F0D11C-0F52-4598-A521-10DAD52DB04C}
		{D9461CE7-1A72-4781-92AC-982E5CD708F9} = {14F0D11C-0F52-4598-A521-10DAD52DB04C}
		{0222800C-F958-4628-A7E7-E8EA56DAC6C8} = {14F0D11C-0F52-4598-A521-10DAD52DB04C}
		{3D70F3FF-A9E8-41F6-BBA6-5A32DDD361DD} = {14F0D11C-0F52-4598-A521-10DAD52DB04C}
		{32A80C25-8B99-49D6-9D1D-D41FF8DABDC5} = {8EAD6C91-0A55-4ECD-BBA8-8FA9C8DE6EC8}
		{BAD66C43-F9FB-4D21-A564-3F2A310FFF72} = {14F0D11C-0F52-4598-A521-10DAD52DB04C}
		{B7B4F00C-F5DD-46F0-BAC4-B576E16A8234} = {14F0D11C-0F52-4598-A521-10DAD52DB04C}
		{7B9F8328-CE22-4AFC-A1FF-EF8E40A2D240} = {8EAD6C91-0A55-4ECD-BBA8-8FA9C8DE6EC8}
	EndGlobalSection
	GlobalSection(ExtensibilityGlobals) = postSolution
		SolutionGuid = {A1E89EA3-BE11-453C-9E2B-21B591F675A7}
	EndGlobalSection
EndGlobal
